
Microsoft Visual Studio Solution File, Format Version 12.00
# Visual Studio Version 17
VisualStudioVersion = 17.7.34024.191
MinimumVisualStudioVersion = 10.0.40219.1
Project("{FAE04EC0-301F-11D3-BF4B-00C04F79EFBC}") = "CurrencyExchange", "CurrencyExchange\CurrencyExchange.csproj", "{87C7BFBB-0C29-4348-A69C-708859D9518C}"
EndProject
Global
	GlobalSection(SolutionConfigurationPlatforms) = preSolution
		Debug|Any CPU = Debug|Any CPU
		Release|Any CPU = Release|Any CPU
	EndGlobalSection
	GlobalSection(ProjectConfigurationPlatforms) = postSolution
		{87C7BFBB-0C29-4348-A69C-708859D9518C}.Debug|Any CPU.ActiveCfg = Debug|Any CPU
		{87C7BFBB-0C29-4348-A69C-708859D9518C}.Debug|Any CPU.Build.0 = Debug|Any CPU
		{87C7BFBB-0C29-4348-A69C-708859D9518C}.Release|Any CPU.ActiveCfg = Release|Any CPU
		{87C7BFBB-0C29-4348-A69C-708859D9518C}.Release|Any CPU.Build.0 = Release|Any CPU
	EndGlobalSection
	GlobalSection(SolutionProperties) = preSolution
		HideSolutionNode = FALSE
	EndGlobalSection
	GlobalSection(ExtensibilityGlobals) = postSolution
		SolutionGuid = {3E71DF3B-D960-48B0-806C-E7F4F5F57185}
	EndGlobalSection
EndGlobal
